// !$*UTF8*$!
{
	archiveVersion = 1;
	classes = {
	};
	objectVersion = 77;
	objects = {

/* Begin PBXContainerItemProxy section */
		A263BA3A2D8C4B3E0059702F /* PBXContainerItemProxy */ = {
			isa = PBXContainerItemProxy;
			containerPortal = A263BA212D8C4B3C0059702F /* Project object */;
			proxyType = 1;
			remoteGlobalIDString = A263BA282D8C4B3C0059702F;
			remoteInfo = InstaStories;
		};
		A263BA442D8C4B3E0059702F /* PBXContainerItemProxy */ = {
			isa = PBXContainerItemProxy;
			containerPortal = A263BA212D8C4B3C0059702F /* Project object */;
			proxyType = 1;
			remoteGlobalIDString = A263BA282D8C4B3C0059702F;
			remoteInfo = InstaStories;
		};
/* End PBXContainerItemProxy section */

/* Begin PBXFileReference section */
		A263BA292D8C4B3C0059702F /* InstaStories.app */ = {isa = PBXFileReference; explicitFileType = wrapper.application; includeInIndex = 0; path = InstaStories.app; sourceTree = BUILT_PRODUCTS_DIR; };
		A263BA392D8C4B3E0059702F /* InstaStoriesTests.xctest */ = {isa = PBXFileReference; explicitFileType = wrapper.cfbundle; includeInIndex = 0; path = InstaStoriesTests.xctest; sourceTree = BUILT_PRODUCTS_DIR; };
		A263BA432D8C4B3E0059702F /* InstaStoriesUITests.xctest */ = {isa = PBXFileReference; explicitFileType = wrapper.cfbundle; includeInIndex = 0; path = InstaStoriesUITests.xctest; sourceTree = BUILT_PRODUCTS_DIR; };
/* End PBXFileReference section */

/* Begin PBXFileSystemSynchronizedRootGroup section */
		A263BA2B2D8C4B3C0059702F /* InstaStories */ = {
			isa = PBXFileSystemSynchronizedRootGroup;
			path = InstaStories;
			sourceTree = "<group>";
		};
		A263BA3C2D8C4B3E0059702F /* InstaStoriesTests */ = {
			isa = PBXFileSystemSynchronizedRootGroup;
			path = InstaStoriesTests;
			sourceTree = "<group>";
		};
		A263BA462D8C4B3E0059702F /* InstaStoriesUITests */ = {
			isa = PBXFileSystemSynchronizedRootGroup;
			path = InstaStoriesUITests;
			sourceTree = "<group>";
		};
/* End PBXFileSystemSynchronizedRootGroup section */

/* Begin PBXFrameworksBuildPhase section */
		A263BA262D8C4B3C0059702F /* Frameworks */ = {
			isa = PBXFrameworksBuildPhase;
			buildActionMask = 2147483647;
			files = (
			);
			runOnlyForDeploymentPostprocessing = 0;
		};
		A263BA362D8C4B3E0059702F /* Frameworks */ = {
			isa = PBXFrameworksBuildPhase;
			buildActionMask = 2147483647;
			files = (
			);
			runOnlyForDeploymentPostprocessing = 0;
		};
		A263BA402D8C4B3E0059702F /* Frameworks */ = {
			isa = PBXFrameworksBuildPhase;
			buildActionMask = 2147483647;
			files = (
			);
			runOnlyForDeploymentPostprocessing = 0;
		};
/* End PBXFrameworksBuildPhase section */

/* Begin PBXGroup section */
		A263BA202D8C4B3C0059702F = {
			isa = PBXGroup;
			children = (
				A263BA2B2D8C4B3C0059702F /* InstaStories */,
				A263BA3C2D8C4B3E0059702F /* InstaStoriesTests */,
				A263BA462D8C4B3E0059702F /* InstaStoriesUITests */,
				A263BA2A2D8C4B3C0059702F /* Products */,
			);
			sourceTree = "<group>";
		};
		A263BA2A2D8C4B3C0059702F /* Products */ = {
			isa = PBXGroup;
			children = (
				A263BA292D8C4B3C0059702F /* InstaStories.app */,
				A263BA392D8C4B3E0059702F /* InstaStoriesTests.xctest */,
				A263BA432D8C4B3E0059702F /* InstaStoriesUITests.xctest */,
			);
			name = Products;
			sourceTree = "<group>";
		};
/* End PBXGroup section */

/* Begin PBXNativeTarget section */
		A263BA282D8C4B3C0059702F /* InstaStories */ = {
			isa = PBXNativeTarget;
			buildConfigurationList = A263BA4D2D8C4B3E0059702F /* Build configuration list for PBXNativeTarget "InstaStories" */;
			buildPhases = (
				A263BA252D8C4B3C0059702F /* Sources */,
				A263BA262D8C4B3C0059702F /* Frameworks */,
				A263BA272D8C4B3C0059702F /* Resources */,
			);
			buildRules = (
			);
			dependencies = (
			);
			fileSystemSynchronizedGroups = (
				A263BA2B2D8C4B3C0059702F /* InstaStories */,
			);
			name = InstaStories;
			packageProductDependencies = (
			);
			productName = InstaStories;
			productReference = A263BA292D8C4B3C0059702F /* InstaStories.app */;
			productType = "com.apple.product-type.application";
		};
		A263BA382D8C4B3E0059702F /* InstaStoriesTests */ = {
			isa = PBXNativeTarget;
			buildConfigurationList = A263BA502D8C4B3E0059702F /* Build configuration list for PBXNativeTarget "InstaStoriesTests" */;
			buildPhases = (
				A263BA352D8C4B3E0059702F /* Sources */,
				A263BA362D8C4B3E0059702F /* Frameworks */,
				A263BA372D8C4B3E0059702F /* Resources */,
			);
			buildRules = (
			);
			dependencies = (
				A263BA3B2D8C4B3E0059702F /* PBXTargetDependency */,
			);
			fileSystemSynchronizedGroups = (
				A263BA3C2D8C4B3E0059702F /* InstaStoriesTests */,
			);
			name = InstaStoriesTests;
			packageProductDependencies = (
			);
			productName = InstaStoriesTests;
			productReference = A263BA392D8C4B3E0059702F /* InstaStoriesTests.xctest */;
			productType = "com.apple.product-type.bundle.unit-test";
		};
		A263BA422D8C4B3E0059702F /* InstaStoriesUITests */ = {
			isa = PBXNativeTarget;
			buildConfigurationList = A263BA532D8C4B3E0059702F /* Build configuration list for PBXNativeTarget "InstaStoriesUITests" */;
			buildPhases = (
				A263BA3F2D8C4B3E0059702F /* Sources */,
				A263BA402D8C4B3E0059702F /* Frameworks */,
				A263BA412D8C4B3E0059702F /* Resources */,
			);
			buildRules = (
			);
			dependencies = (
				A263BA452D8C4B3E0059702F /* PBXTargetDependency */,
			);
			fileSystemSynchronizedGroups = (
				A263BA462D8C4B3E0059702F /* InstaStoriesUITests */,
			);
			name = InstaStoriesUITests;
			packageProductDependencies = (
			);
			productName = InstaStoriesUITests;
			productReference = A263BA432D8C4B3E0059702F /* InstaStoriesUITests.xctest */;
			productType = "com.apple.product-type.bundle.ui-testing";
		};
/* End PBXNativeTarget section */

/* Begin PBXProject section */
		A263BA212D8C4B3C0059702F /* Project object */ = {
			isa = PBXProject;
			attributes = {
				BuildIndependentTargetsInParallel = 1;
				LastSwiftUpdateCheck = 1620;
				LastUpgradeCheck = 1620;
				TargetAttributes = {
					A263BA282D8C4B3C0059702F = {
						CreatedOnToolsVersion = 16.2;
					};
					A263BA382D8C4B3E0059702F = {
						CreatedOnToolsVersion = 16.2;
						TestTargetID = A263BA282D8C4B3C0059702F;
					};
					A263BA422D8C4B3E0059702F = {
						CreatedOnToolsVersion = 16.2;
						TestTargetID = A263BA282D8C4B3C0059702F;
					};
				};
			};
			buildConfigurationList = A263BA242D8C4B3C0059702F /* Build configuration list for PBXProject "InstaStories" */;
			developmentRegion = en;
			hasScannedForEncodings = 0;
			knownRegions = (
				en,
				Base,
			);
			mainGroup = A263BA202D8C4B3C0059702F;
			minimizedProjectReferenceProxies = 1;
			preferredProjectObjectVersion = 77;
			productRefGroup = A263BA2A2D8C4B3C0059702F /* Products */;
			projectDirPath = "";
			projectRoot = "";
			targets = (
				A263BA282D8C4B3C0059702F /* InstaStories */,
				A263BA382D8C4B3E0059702F /* InstaStoriesTests */,
				A263BA422D8C4B3E0059702F /* InstaStoriesUITests */,
			);
		};
/* End PBXProject section */

/* Begin PBXResourcesBuildPhase section */
		A263BA272D8C4B3C0059702F /* Resources */ = {
			isa = PBXResourcesBuildPhase;
			buildActionMask = 2147483647;
			files = (
			);
			runOnlyForDeploymentPostprocessing = 0;
		};
		A263BA372D8C4B3E0059702F /* Resources */ = {
			isa = PBXResourcesBuildPhase;
			buildActionMask = 2147483647;
			files = (
			);
			runOnlyForDeploymentPostprocessing = 0;
		};
		A263BA412D8C4B3E0059702F /* Resources */ = {
			isa = PBXResourcesBuildPhase;
			buildActionMask = 2147483647;
			files = (
			);
			runOnlyForDeploymentPostprocessing = 0;
		};
/* End PBXResourcesBuildPhase section */

/* Begin PBXSourcesBuildPhase section */
		A263BA252D8C4B3C0059702F /* Sources */ = {
			isa = PBXSourcesBuildPhase;
			buildActionMask = 2147483647;
			files = (
			);
			runOnlyForDeploymentPostprocessing = 0;
		};
		A263BA352D8C4B3E0059702F /* Sources */ = {
			isa = PBXSourcesBuildPhase;
			buildActionMask = 2147483647;
			files = (
			);
			runOnlyForDeploymentPostprocessing = 0;
		};
		A263BA3F2D8C4B3E0059702F /* Sources */ = {
			isa = PBXSourcesBuildPhase;
			buildActionMask = 2147483647;
			files = (
			);
			runOnlyForDeploymentPostprocessing = 0;
		};
/* End PBXSourcesBuildPhase section */

/* Begin PBXTargetDependency section */
		A263BA3B2D8C4B3E0059702F /* PBXTargetDependency */ = {
			isa = PBXTargetDependency;
			target = A263BA282D8C4B3C0059702F /* InstaStories */;
			targetProxy = A263BA3A2D8C4B3E0059702F /* PBXContainerItemProxy */;
		};
		A263BA452D8C4B3E0059702F /* PBXTargetDependency */ = {
			isa = PBXTargetDependency;
			target = A263BA282D8C4B3C0059702F /* InstaStories */;
			targetProxy = A263BA442D8C4B3E0059702F /* PBXContainerItemProxy */;
		};
/* End PBXTargetDependency section */

/* Begin XCBuildConfiguration section */
		A263BA4B2D8C4B3E0059702F /* Debug */ = {
			isa = XCBuildConfiguration;
			buildSettings = {
				ALWAYS_SEARCH_USER_PATHS = NO;
				ASSETCATALOG_COMPILER_GENERATE_SWIFT_ASSET_SYMBOL_EXTENSIONS = YES;
				CLANG_ANALYZER_NONNULL = YES;
				CLANG_ANALYZER_NUMBER_OBJECT_CONVERSION = YES_AGGRESSIVE;
				CLANG_CXX_LANGUAGE_STANDARD = "gnu++20";
				CLANG_ENABLE_MODULES = YES;
				CLANG_ENABLE_OBJC_ARC = YES;
				CLANG_ENABLE_OBJC_WEAK = YES;
				CLANG_WARN_BLOCK_CAPTURE_AUTORELEASING = YES;
				CLANG_WARN_BOOL_CONVERSION = YES;
				CLANG_WARN_COMMA = YES;
				CLANG_WARN_CONSTANT_CONVERSION = YES;
				CLANG_WARN_DEPRECATED_OBJC_IMPLEMENTATIONS = YES;
				CLANG_WARN_DIRECT_OBJC_ISA_USAGE = YES_ERROR;
				CLANG_WARN_DOCUMENTATION_COMMENTS = YES;
				CLANG_WARN_EMPTY_BODY = YES;
				CLANG_WARN_ENUM_CONVERSION = YES;
				CLANG_WARN_INFINITE_RECURSION = YES;
				CLANG_WARN_INT_CONVERSION = YES;
				CLANG_WARN_NON_LITERAL_NULL_CONVERSION = YES;
				CLANG_WARN_OBJC_IMPLICIT_RETAIN_SELF = YES;
				CLANG_WARN_OBJC_LITERAL_CONVERSION = YES;
				CLANG_WARN_OBJC_ROOT_CLASS = YES_ERROR;
				CLANG_WARN_QUOTED_INCLUDE_IN_FRAMEWORK_HEADER = YES;
				CLANG_WARN_RANGE_LOOP_ANALYSIS = YES;
				CLANG_WARN_STRICT_PROTOTYPES = YES;
				CLANG_WARN_SUSPICIOUS_MOVE = YES;
				CLANG_WARN_UNGUARDED_AVAILABILITY = YES_AGGRESSIVE;
				CLANG_WARN_UNREACHABLE_CODE = YES;
				CLANG_WARN__DUPLICATE_METHOD_MATCH = YES;
				COPY_PHASE_STRIP = NO;
				DEBUG_INFORMATION_FORMAT = dwarf;
				ENABLE_STRICT_OBJC_MSGSEND = YES;
				ENABLE_TESTABILITY = YES;
				ENABLE_USER_SCRIPT_SANDBOXING = YES;
				GCC_C_LANGUAGE_STANDARD = gnu17;
				GCC_DYNAMIC_NO_PIC = NO;
				GCC_NO_COMMON_BLOCKS = YES;
				GCC_OPTIMIZATION_LEVEL = 0;
				GCC_PREPROCESSOR_DEFINITIONS = (
					"DEBUG=1",
					"$(inherited)",
				);
				GCC_WARN_64_TO_32_BIT_CONVERSION = YES;
				GCC_WARN_ABOUT_RETURN_TYPE = YES_ERROR;
				GCC_WARN_UNDECLARED_SELECTOR = YES;
				GCC_WARN_UNINITIALIZED_AUTOS = YES_AGGRESSIVE;
				GCC_WARN_UNUSED_FUNCTION = YES;
				GCC_WARN_UNUSED_VARIABLE = YES;
				IPHONEOS_DEPLOYMENT_TARGET = 18.2;
				LOCALIZATION_PREFERS_STRING_CATALOGS = YES;
				MTL_ENABLE_DEBUG_INFO = INCLUDE_SOURCE;
				MTL_FAST_MATH = YES;
				ONLY_ACTIVE_ARCH = YES;
				SDKROOT = iphoneos;
				SWIFT_ACTIVE_COMPILATION_CONDITIONS = "DEBUG $(inherited)";
				SWIFT_OPTIMIZATION_LEVEL = "-Onone";
			};
			name = Debug;
		};
		A263BA4C2D8C4B3E0059702F /* Release */ = {
			isa = XCBuildConfiguration;
			buildSettings = {
				ALWAYS_SEARCH_USER_PATHS = NO;
				ASSETCATALOG_COMPILER_GENERATE_SWIFT_ASSET_SYMBOL_EXTENSIONS = YES;
				CLANG_ANALYZER_NONNULL = YES;
				CLANG_ANALYZER_NUMBER_OBJECT_CONVERSION = YES_AGGRESSIVE;
				CLANG_CXX_LANGUAGE_STANDARD = "gnu++20";
				CLANG_ENABLE_MODULES = YES;
				CLANG_ENABLE_OBJC_ARC = YES;
				CLANG_ENABLE_OBJC_WEAK = YES;
				CLANG_WARN_BLOCK_CAPTURE_AUTORELEASING = YES;
				CLANG_WARN_BOOL_CONVERSION = YES;
				CLANG_WARN_COMMA = YES;
				CLANG_WARN_CONSTANT_CONVERSION = YES;
				CLANG_WARN_DEPRECATED_OBJC_IMPLEMENTATIONS = YES;
				CLANG_WARN_DIRECT_OBJC_ISA_USAGE = YES_ERROR;
				CLANG_WARN_DOCUMENTATION_COMMENTS = YES;
				CLANG_WARN_EMPTY_BODY = YES;
				CLANG_WARN_ENUM_CONVERSION = YES;
				CLANG_WARN_INFINITE_RECURSION = YES;
				CLANG_WARN_INT_CONVERSION = YES;
				CLANG_WARN_NON_LITERAL_NULL_CONVERSION = YES;
				CLANG_WARN_OBJC_IMPLICIT_RETAIN_SELF = YES;
				CLANG_WARN_OBJC_LITERAL_CONVERSION = YES;
				CLANG_WARN_OBJC_ROOT_CLASS = YES_ERROR;
				CLANG_WARN_QUOTED_INCLUDE_IN_FRAMEWORK_HEADER = YES;
				CLANG_WARN_RANGE_LOOP_ANALYSIS = YES;
				CLANG_WARN_STRICT_PROTOTYPES = YES;
				CLANG_WARN_SUSPICIOUS_MOVE = YES;
				CLANG_WARN_UNGUARDED_AVAILABILITY = YES_AGGRESSIVE;
				CLANG_WARN_UNREACHABLE_CODE = YES;
				CLANG_WARN__DUPLICATE_METHOD_MATCH = YES;
				COPY_PHASE_STRIP = NO;
				DEBUG_INFORMATION_FORMAT = "dwarf-with-dsym";
				ENABLE_NS_ASSERTIONS = NO;
				ENABLE_STRICT_OBJC_MSGSEND = YES;
				ENABLE_USER_SCRIPT_SANDBOXING = YES;
				GCC_C_LANGUAGE_STANDARD = gnu17;
				GCC_NO_COMMON_BLOCKS = YES;
				GCC_WARN_64_TO_32_BIT_CONVERSION = YES;
				GCC_WARN_ABOUT_RETURN_TYPE = YES_ERROR;
				GCC_WARN_UNDECLARED_SELECTOR = YES;
				GCC_WARN_UNINITIALIZED_AUTOS = YES_AGGRESSIVE;
				GCC_WARN_UNUSED_FUNCTION = YES;
				GCC_WARN_UNUSED_VARIABLE = YES;
				IPHONEOS_DEPLOYMENT_TARGET = 18.2;
				LOCALIZATION_PREFERS_STRING_CATALOGS = YES;
				MTL_ENABLE_DEBUG_INFO = NO;
				MTL_FAST_MATH = YES;
				SDKROOT = iphoneos;
				SWIFT_COMPILATION_MODE = wholemodule;
				VALIDATE_PRODUCT = YES;
			};
			name = Release;
		};
		A263BA4E2D8C4B3E0059702F /* Debug */ = {
			isa = XCBuildConfiguration;
			buildSettings = {
				ASSETCATALOG_COMPILER_APPICON_NAME = AppIcon;
				ASSETCATALOG_COMPILER_GLOBAL_ACCENT_COLOR_NAME = AccentColor;
				CODE_SIGN_STYLE = Automatic;
				CURRENT_PROJECT_VERSION = 1;
				DEVELOPMENT_ASSET_PATHS = "\"InstaStories/Preview Content\"";
				DEVELOPMENT_TEAM = 59ZC26E65Z;
				ENABLE_PREVIEWS = YES;
				GENERATE_INFOPLIST_FILE = YES;
				INFOPLIST_KEY_UIApplicationSceneManifest_Generation = YES;
				INFOPLIST_KEY_UIApplicationSupportsIndirectInputEvents = YES;
				INFOPLIST_KEY_UILaunchScreen_Generation = YES;
				INFOPLIST_KEY_UISupportedInterfaceOrientations_iPad = "UIInterfaceOrientationPortrait UIInterfaceOrientationPortraitUpsideDown UIInterfaceOrientationLandscapeLeft UIInterfaceOrientationLandscapeRight";
				INFOPLIST_KEY_UISupportedInterfaceOrientations_iPhone = "UIInterfaceOrientationPortrait UIInterfaceOrientationLandscapeLeft UIInterfaceOrientationLandscapeRight";
				LD_RUNPATH_SEARCH_PATHS = (
					"$(inherited)",
					"@executable_path/Frameworks",
				);
				MARKETING_VERSION = 1.0;
				PRODUCT_BUNDLE_IDENTIFIER = com.kevinesprit.InstaStories;
				PRODUCT_NAME = "$(TARGET_NAME)";
				SWIFT_EMIT_LOC_STRINGS = YES;
				SWIFT_VERSION = 5.0;
				TARGETED_DEVICE_FAMILY = "1,2";
			};
			name = Debug;
		};
		A263BA4F2D8C4B3E0059702F /* Release */ = {
			isa = XCBuildConfiguration;
			buildSettings = {
				ASSETCATALOG_COMPILER_APPICON_NAME = AppIcon;
				ASSETCATALOG_COMPILER_GLOBAL_ACCENT_COLOR_NAME = AccentColor;
				CODE_SIGN_STYLE = Automatic;
				CURRENT_PROJECT_VERSION = 1;
				DEVELOPMENT_ASSET_PATHS = "\"InstaStories/Preview Content\"";
				DEVELOPMENT_TEAM = 59ZC26E65Z;
				ENABLE_PREVIEWS = YES;
				GENERATE_INFOPLIST_FILE = YES;
				INFOPLIST_KEY_UIApplicationSceneManifest_Generation = YES;
				INFOPLIST_KEY_UIApplicationSupportsIndirectInputEvents = YES;
				INFOPLIST_KEY_UILaunchScreen_Generation = YES;
				INFOPLIST_KEY_UISupportedInterfaceOrientations_iPad = "UIInterfaceOrientationPortrait UIInterfaceOrientationPortraitUpsideDown UIInterfaceOrientationLandscapeLeft UIInterfaceOrientationLandscapeRight";
				INFOPLIST_KEY_UISupportedInterfaceOrientations_iPhone = "UIInterfaceOrientationPortrait UIInterfaceOrientationLandscapeLeft UIInterfaceOrientationLandscapeRight";
				LD_RUNPATH_SEARCH_PATHS = (
					"$(inherited)",
					"@executable_path/Frameworks",
				);
				MARKETING_VERSION = 1.0;
				PRODUCT_BUNDLE_IDENTIFIER = com.kevinesprit.InstaStories;
				PRODUCT_NAME = "$(TARGET_NAME)";
				SWIFT_EMIT_LOC_STRINGS = YES;
				SWIFT_VERSION = 5.0;
				TARGETED_DEVICE_FAMILY = "1,2";
			};
			name = Release;
		};
		A263BA512D8C4B3E0059702F /* Debug */ = {
			isa = XCBuildConfiguration;
			buildSettings = {
				BUNDLE_LOADER = "$(TEST_HOST)";
				CODE_SIGN_STYLE = Automatic;
				CURRENT_PROJECT_VERSION = 1;
				DEVELOPMENT_TEAM = 59ZC26E65Z;
				GENERATE_INFOPLIST_FILE = YES;
				IPHONEOS_DEPLOYMENT_TARGET = 18.2;
				MARKETING_VERSION = 1.0;
				PRODUCT_BUNDLE_IDENTIFIER = com.kevinesprit.InstaStoriesTests;
				PRODUCT_NAME = "$(TARGET_NAME)";
				SWIFT_EMIT_LOC_STRINGS = NO;
				SWIFT_VERSION = 5.0;
				TARGETED_DEVICE_FAMILY = "1,2";
				TEST_HOST = "$(BUILT_PRODUCTS_DIR)/InstaStories.app/$(BUNDLE_EXECUTABLE_FOLDER_PATH)/InstaStories";
			};
			name = Debug;
		};
		A263BA522D8C4B3E0059702F /* Release */ = {
			isa = XCBuildConfiguration;
			buildSettings = {
				BUNDLE_LOADER = "$(TEST_HOST)";
				CODE_SIGN_STYLE = Automatic;
				CURRENT_PROJECT_VERSION = 1;
				DEVELOPMENT_TEAM = 59ZC26E65Z;
				GENERATE_INFOPLIST_FILE = YES;
				IPHONEOS_DEPLOYMENT_TARGET = 18.2;
				MARKETING_VERSION = 1.0;
				PRODUCT_BUNDLE_IDENTIFIER = com.kevinesprit.InstaStoriesTests;
				PRODUCT_NAME = "$(TARGET_NAME)";
				SWIFT_EMIT_LOC_STRINGS = NO;
				SWIFT_VERSION = 5.0;
				TARGETED_DEVICE_FAMILY = "1,2";
				TEST_HOST = "$(BUILT_PRODUCTS_DIR)/InstaStories.app/$(BUNDLE_EXECUTABLE_FOLDER_PATH)/InstaStories";
			};
			name = Release;
		};
		A263BA542D8C4B3E0059702F /* Debug */ = {
			isa = XCBuildConfiguration;
			buildSettings = {
				CODE_SIGN_STYLE = Automatic;
				CURRENT_PROJECT_VERSION = 1;
				DEVELOPMENT_TEAM = 59ZC26E65Z;
				GENERATE_INFOPLIST_FILE = YES;
				MARKETING_VERSION = 1.0;
				PRODUCT_BUNDLE_IDENTIFIER = com.kevinesprit.InstaStoriesUITests;
				PRODUCT_NAME = "$(TARGET_NAME)";
				SWIFT_EMIT_LOC_STRINGS = NO;
				SWIFT_VERSION = 5.0;
				TARGETED_DEVICE_FAMILY = "1,2";
				TEST_TARGET_NAME = InstaStories;
			};
			name = Debug;
		};
		A263BA552D8C4B3E0059702F /* Release */ = {
			isa = XCBuildConfiguration;
			buildSettings = {
				CODE_SIGN_STYLE = Automatic;
				CURRENT_PROJECT_VERSION = 1;
				DEVELOPMENT_TEAM = 59ZC26E65Z;
				GENERATE_INFOPLIST_FILE = YES;
				MARKETING_VERSION = 1.0;
				PRODUCT_BUNDLE_IDENTIFIER = com.kevinesprit.InstaStoriesUITests;
				PRODUCT_NAME = "$(TARGET_NAME)";
				SWIFT_EMIT_LOC_STRINGS = NO;
				SWIFT_VERSION = 5.0;
				TARGETED_DEVICE_FAMILY = "1,2";
				TEST_TARGET_NAME = InstaStories;
			};
			name = Release;
		};
/* End XCBuildConfiguration section */

/* Begin XCConfigurationList section */
		A263BA242D8C4B3C0059702F /* Build configuration list for PBXProject "InstaStories" */ = {
			isa = XCConfigurationList;
			buildConfigurations = (
				A263BA4B2D8C4B3E0059702F /* Debug */,
				A263BA4C2D8C4B3E0059702F /* Release */,
			);
			defaultConfigurationIsVisible = 0;
			defaultConfigurationName = Release;
		};
		A263BA4D2D8C4B3E0059702F /* Build configuration list for PBXNativeTarget "InstaStories" */ = {
			isa = XCConfigurationList;
			buildConfigurations = (
				A263BA4E2D8C4B3E0059702F /* Debug */,
				A263BA4F2D8C4B3E0059702F /* Release */,
			);
			defaultConfigurationIsVisible = 0;
			defaultConfigurationName = Release;
		};
		A263BA502D8C4B3E0059702F /* Build configuration list for PBXNativeTarget "InstaStoriesTests" */ = {
			isa = XCConfigurationList;
			buildConfigurations = (
				A263BA512D8C4B3E0059702F /* Debug */,
				A263BA522D8C4B3E0059702F /* Release */,
			);
			defaultConfigurationIsVisible = 0;
			defaultConfigurationName = Release;
		};
		A263BA532D8C4B3E0059702F /* Build configuration list for PBXNativeTarget "InstaStoriesUITests" */ = {
			isa = XCConfigurationList;
			buildConfigurations = (
				A263BA542D8C4B3E0059702F /* Debug */,
				A263BA552D8C4B3E0059702F /* Release */,
			);
			defaultConfigurationIsVisible = 0;
			defaultConfigurationName = Release;
		};
/* End XCConfigurationList section */
	};
	rootObject = A263BA212D8C4B3C0059702F /* Project object */;
}
